<?xml version="1.0" encoding="utf-8"?>
<Project ToolsVersion="4.0" xmlns="http://schemas.microsoft.com/developer/msbuild/2003">
  <ItemGroup>
    <Filter Include="src">
      <UniqueIdentifier>{56f76ff7-4f49-4c71-92a8-31e4bc7adf28}</UniqueIdentifier>
    </Filter>
    <Filter Include="src\application">
      <UniqueIdentifier>{80374eac-7bf0-42f9-bd84-f6f7f3e31569}</UniqueIdentifier>
    </Filter>
    <Filter Include="src\scene">
      <UniqueIdentifier>{217af7b5-6617-437c-ab26-f466c8cd457a}</UniqueIdentifier>
    </Filter>
    <Filter Include="src\geometry">
      <UniqueIdentifier>{fa6b795c-4639-419f-951f-5f94a99924d6}</UniqueIdentifier>
    </Filter>
    <Filter Include="src\math">
      <UniqueIdentifier>{92174f85-41d6-4dd1-a3df-c52679ed7327}</UniqueIdentifier>
    </Filter>
  </ItemGroup>
  <ItemGroup>
    <ClCompile Include="..\src\application\application.cpp">
      <Filter>src\application</Filter>
    </ClCompile>
    <ClCompile Include="..\src\application\camera_roam.cpp">
      <Filter>src\application</Filter>
    </ClCompile>
    <ClCompile Include="..\src\application\imageio.cpp">
      <Filter>src\application</Filter>
    </ClCompile>
    <ClCompile Include="..\src\scene\mesh.cpp">
      <Filter>src\scene</Filter>
    </ClCompile>
    <ClCompile Include="..\src\geometry\main.cpp">
      <Filter>src\geometry</Filter>
    </ClCompile>
    <ClCompile Include="..\src\geometry\project.cpp">
      <Filter>src\geometry</Filter>
    </ClCompile>
    <ClCompile Include="..\src\math\camera.cpp">
      <Filter>src\math</Filter>
    </ClCompile>
    <ClCompile Include="..\src\math\color.cpp">
      <Filter>src\math</Filter>
    </ClCompile>
    <ClCompile Include="..\src\math\matrix.cpp">
      <Filter>src\math</Filter>
    </ClCompile>
    <ClCompile Include="..\src\math\quaternion.cpp">
      <Filter>src\math</Filter>
    </ClCompile>
    <ClCompile Include="..\src\math\vector.cpp">
      <Filter>src\math</Filter>
    </ClCompile>
  </ItemGroup>
  <ItemGroup>
    <ClInclude Include="..\src\application\application.hpp">
      <Filter>src\application</Filter>
    </ClInclude>
    <ClInclude Include="..\src\application\camera_roam.hpp">
      <Filter>src\application</Filter>
    </ClInclude>
    <ClInclude Include="..\src\application\imageio.hpp">
      <Filter>src\application</Filter>
    </ClInclude>
    <ClInclude Include="..\src\application\opengl.hpp">
      <Filter>src\application</Filter>
    </ClInclude>
    <ClInclude Include="..\src\scene\mesh.hpp">
      <Filter>src\scene</Filter>
    </ClInclude>
    <ClInclude Include="..\src\geometry\project.hpp">
      <Filter>src\geometry</Filter>
    </ClInclude>
    <ClInclude Include="..\src\math\camera.hpp">
      <Filter>src\math</Filter>
    </ClInclude>
    <ClInclude Include="..\src\math\color.hpp">
      <Filter>src\math</Filter>
    </ClInclude>
    <ClInclude Include="..\src\math\math.hpp">
      <Filter>src\math</Filter>
    </ClInclude>
    <ClInclude Include="..\src\math\matrix.hpp">
      <Filter>src\math</Filter>
    </ClInclude>
    <ClInclude Include="..\src\math\quaternion.hpp">
      <Filter>src\math</Filter>
    </ClInclude>
    <ClInclude Include="..\src\math\vector.hpp">
      <Filter>src\math</Filter>
    </ClInclude>
  </ItemGroup>
</Project>